
Microsoft Visual Studio Solution File, Format Version 12.00
# Visual Studio 15
VisualStudioVersion = 15.0.26430.6
MinimumVisualStudioVersion = 10.0.40219.1
Project("{FAE04EC0-301F-11D3-BF4B-00C04F79EFBC}") = "XliffLib", "XliffLib\XliffLib.csproj", "{11D055EC-AA34-4065-B87A-5EEC76C6A07A}"
EndProject
Project("{FAE04EC0-301F-11D3-BF4B-00C04F79EFBC}") = "XliffLib.Test", "XliffLib.Test\XliffLib.Test.csproj", "{2FED9D0C-7BAC-444E-90B9-9CA573ACDEB8}"
EndProject
Project("{FAE04EC0-301F-11D3-BF4B-00C04F79EFBC}") = "XliffTester", "XliffTester\XliffTester.csproj", "{83FF3EBA-6663-4912-8992-CC0003D9896E}"
EndProject
Project("{FAE04EC0-301F-11D3-BF4B-00C04F79EFBC}") = "XliffLib.Integration", "XliffLib.Integration\XliffLib.Integration.csproj", "{4DE6D4A1-05EA-48D4-80FA-CAB23D07B89D}"
EndProject
Project("{2150E333-8FDC-42A3-9474-1A3956D46DE8}") = "Solution Items", "Solution Items", "{E1C2244D-1D9C-4D02-AC84-D101C67C3551}"
	ProjectSection(SolutionItems) = preProject
		.editorconfig = .editorconfig
	EndProjectSection
EndProject
Global
	GlobalSection(SolutionConfigurationPlatforms) = preSolution
		Debug|Any CPU = Debug|Any CPU
		Release|Any CPU = Release|Any CPU
	EndGlobalSection
	GlobalSection(ProjectConfigurationPlatforms) = postSolution
		{11D055EC-AA34-4065-B87A-5EEC76C6A07A}.Debug|Any CPU.ActiveCfg = Debug|Any CPU
		{11D055EC-AA34-4065-B87A-5EEC76C6A07A}.Debug|Any CPU.Build.0 = Debug|Any CPU
		{11D055EC-AA34-4065-B87A-5EEC76C6A07A}.Release|Any CPU.ActiveCfg = Release|Any CPU
		{11D055EC-AA34-4065-B87A-5EEC76C6A07A}.Release|Any CPU.Build.0 = Release|Any CPU
		{2FED9D0C-7BAC-444E-90B9-9CA573ACDEB8}.Debug|Any CPU.ActiveCfg = Debug|Any CPU
		{2FED9D0C-7BAC-444E-90B9-9CA573ACDEB8}.Debug|Any CPU.Build.0 = Debug|Any CPU
		{2FED9D0C-7BAC-444E-90B9-9CA573ACDEB8}.Release|Any CPU.ActiveCfg = Release|Any CPU
		{2FED9D0C-7BAC-444E-90B9-9CA573ACDEB8}.Release|Any CPU.Build.0 = Release|Any CPU
		{83FF3EBA-6663-4912-8992-CC0003D9896E}.Debug|Any CPU.ActiveCfg = Debug|Any CPU
		{83FF3EBA-6663-4912-8992-CC0003D9896E}.Debug|Any CPU.Build.0 = Debug|Any CPU
		{83FF3EBA-6663-4912-8992-CC0003D9896E}.Release|Any CPU.ActiveCfg = Release|Any CPU
		{83FF3EBA-6663-4912-8992-CC0003D9896E}.Release|Any CPU.Build.0 = Release|Any CPU
		{4DE6D4A1-05EA-48D4-80FA-CAB23D07B89D}.Debug|Any CPU.ActiveCfg = Debug|Any CPU
		{4DE6D4A1-05EA-48D4-80FA-CAB23D07B89D}.Debug|Any CPU.Build.0 = Debug|Any CPU
		{4DE6D4A1-05EA-48D4-80FA-CAB23D07B89D}.Release|Any CPU.ActiveCfg = Release|Any CPU
		{4DE6D4A1-05EA-48D4-80FA-CAB23D07B89D}.Release|Any CPU.Build.0 = Release|Any CPU
	EndGlobalSection
	GlobalSection(SolutionProperties) = preSolution
		HideSolutionNode = FALSE
	EndGlobalSection
	GlobalSection(MonoDevelopProperties) = preSolution
		Policies = $0
		$0.TextStylePolicy = $1
		$1.FileWidth = 80
		$1.TabsToSpaces = True
		$1.scope = text/x-csharp
		$0.CSharpFormattingPolicy = $2
		$2.scope = text/x-csharp
		$0.TextStylePolicy = $3
		$3.FileWidth = 80
		$3.TabsToSpaces = True
		$3.scope = text/plain
		$0.TextStylePolicy = $4
		$4.inheritsSet = null
		$4.scope = application/config+xml
		$0.XmlFormattingPolicy = $5
		$5.inheritsSet = null
		$5.scope = application/config+xml
		$0.TextStylePolicy = $6
		$6.FileWidth = 80
		$6.TabsToSpaces = True
		$6.scope = application/xml
		$6.NoTabsAfterNonTabs = True
		$0.XmlFormattingPolicy = $7
		$7.scope = application/xml
		$0.TextStylePolicy = $8
		$8.FileWidth = 80
		$8.TabWidth = 2
		$8.TabsToSpaces = True
		$8.IndentWidth = 2
		$8.scope = text/x-json
		$0.JSONFormattingPolicy = $9
		$9.AutoStructureCompletion = True
		$9.BracePositions = SemiExpanded
		$9.FormatOnPaste = True
		$9.scope = text/x-json
		$0.TextStylePolicy = $10
		$10.inheritsSet = null
		$10.scope = text/x-web
		$0.TextStylePolicy = $11
		$11.inheritsSet = null
		$11.scope = text/x-vs
		$0.TextStylePolicy = $12
		$12.scope = application/x-xliff+xml
		$12.FileWidth = 80
		$12.TabsToSpaces = True
		$12.NoTabsAfterNonTabs = True
		$0.XmlFormattingPolicy = $13
		$13.inheritsSet = null
		$13.scope = application/x-xliff+xml
	EndGlobalSection
EndGlobal
