
Microsoft Visual Studio Solution File, Format Version 12.00
# Visual Studio 15
VisualStudioVersion = 15.0.26403.7
MinimumVisualStudioVersion = 10.0.40219.1
Project("{FAE04EC0-301F-11D3-BF4B-00C04F79EFBC}") = "XliffLib", "XliffLib\XliffLib.csproj", "{11D055EC-AA34-4065-B87A-5EEC76C6A07A}"
EndProject
Project("{FAE04EC0-301F-11D3-BF4B-00C04F79EFBC}") = "XliffLib.Test", "XliffLib.Test\XliffLib.Test.csproj", "{2FED9D0C-7BAC-444E-90B9-9CA573ACDEB8}"
EndProject
Project("{FAE04EC0-301F-11D3-BF4B-00C04F79EFBC}") = "XliffTester", "XliffTester\XliffTester.csproj", "{83FF3EBA-6663-4912-8992-CC0003D9896E}"
EndProject
Project("{FAE04EC0-301F-11D3-BF4B-00C04F79EFBC}") = "XliffLib.Integration", "XliffLib.Integration\XliffLib.Integration.csproj", "{4DE6D4A1-05EA-48D4-80FA-CAB23D07B89D}"
EndProject
Global
	GlobalSection(SolutionConfigurationPlatforms) = preSolution
		Debug|Any CPU = Debug|Any CPU
		Release|Any CPU = Release|Any CPU
	EndGlobalSection
	GlobalSection(ProjectConfigurationPlatforms) = postSolution
		{11D055EC-AA34-4065-B87A-5EEC76C6A07A}.Debug|Any CPU.ActiveCfg = Debug|Any CPU
		{11D055EC-AA34-4065-B87A-5EEC76C6A07A}.Debug|Any CPU.Build.0 = Debug|Any CPU
		{11D055EC-AA34-4065-B87A-5EEC76C6A07A}.Release|Any CPU.ActiveCfg = Release|Any CPU
		{11D055EC-AA34-4065-B87A-5EEC76C6A07A}.Release|Any CPU.Build.0 = Release|Any CPU
		{2FED9D0C-7BAC-444E-90B9-9CA573ACDEB8}.Debug|Any CPU.ActiveCfg = Debug|Any CPU
		{2FED9D0C-7BAC-444E-90B9-9CA573ACDEB8}.Debug|Any CPU.Build.0 = Debug|Any CPU
		{2FED9D0C-7BAC-444E-90B9-9CA573ACDEB8}.Release|Any CPU.ActiveCfg = Release|Any CPU
		{2FED9D0C-7BAC-444E-90B9-9CA573ACDEB8}.Release|Any CPU.Build.0 = Release|Any CPU
		{83FF3EBA-6663-4912-8992-CC0003D9896E}.Debug|Any CPU.ActiveCfg = Debug|Any CPU
		{83FF3EBA-6663-4912-8992-CC0003D9896E}.Debug|Any CPU.Build.0 = Debug|Any CPU
		{83FF3EBA-6663-4912-8992-CC0003D9896E}.Release|Any CPU.ActiveCfg = Release|Any CPU
		{83FF3EBA-6663-4912-8992-CC0003D9896E}.Release|Any CPU.Build.0 = Release|Any CPU
		{4DE6D4A1-05EA-48D4-80FA-CAB23D07B89D}.Debug|Any CPU.ActiveCfg = Debug|Any CPU
		{4DE6D4A1-05EA-48D4-80FA-CAB23D07B89D}.Debug|Any CPU.Build.0 = Debug|Any CPU
		{4DE6D4A1-05EA-48D4-80FA-CAB23D07B89D}.Release|Any CPU.ActiveCfg = Release|Any CPU
		{4DE6D4A1-05EA-48D4-80FA-CAB23D07B89D}.Release|Any CPU.Build.0 = Release|Any CPU
	EndGlobalSection
	GlobalSection(SolutionProperties) = preSolution
		HideSolutionNode = FALSE
	EndGlobalSection
EndGlobal
